{
  "name": "github-stars-history",
  "version": "0.1.0",
  "lockfileVersion": 1,
  "requires": true,
  "dependencies": {
    "deepmerge": {
      "version": "2.1.1",
      "resolved": "https://registry.npmjs.org/deepmerge/-/deepmerge-2.1.1.tgz",
      "integrity": "sha512-urQxA1smbLZ2cBbXbaYObM1dJ82aJ2H57A1C/Kklfh/ZN1bgH4G/n5KWhdNfOK11W98gqZfyYj7W4frJJRwA2w=="
    },
    "lodash": {
      "version": "4.17.10",
      "resolved": "https://registry.npmjs.org/lodash/-/lodash-4.17.10.tgz",
      "integrity": "sha512-UejweD1pDoXu+AD825lWwp4ZGtSwgnpZxb3JDViD7StjQz+Nb/6l093lx4OQ0foGWNRoc19mWy7BzL+UAK2iVg=="
    },
    "shvl": {
      "version": "1.3.1",
      "resolved": "https://registry.npmjs.org/shvl/-/shvl-1.3.1.tgz",
      "integrity": "sha512-+rRPP46hloYUAEImJcqprUgXu+05Ikqr4h4V+w5i2zJy37nAqtkQKufs3+3S2fDq6JNRrHMIQhB/Vaex+jgAAw=="
    },
    "vuex-persistedstate": {
      "version": "2.5.4",
      "resolved": "https://registry.npmjs.org/vuex-persistedstate/-/vuex-persistedstate-2.5.4.tgz",
      "integrity": "sha512-XYJhKIwO+ZVlTaXyxKxnplrJ88Fnvk5aDw753bxzRw5/yMKLQ6lq9CDCBex2fwZaQcLibhtgJOxGCHjy9GLSlQ==",
      "requires": {
        "deepmerge": "2.1.1",
        "shvl": "1.3.1"
      }
    }
  }
}
